PODS:
  - AFNetworking (2.6.3):
    - AFNetworking/NSURLConnection (= 2.6.3)
    - AFNetworking/NSURLSession (= 2.6.3)
    - AFNetworking/Reachability (= 2.6.3)
    - AFNetworking/Security (= 2.6.3)
    - AFNetworking/Serialization (= 2.6.3)
    - AFNetworking/UIKit (= 2.6.3)
  - AFNetworking/NSURLConnection (2.6.3):
    - AFNetworking/Reachability
    - AFNetworking/Security
    - AFNetworking/Serialization
  - AFNetworking/NSURLSession (2.6.3):
    - AFNetworking/Reachability
    - AFNetworking/Security
    - AFNetworking/Serialization
  - AFNetworking/Reachability (2.6.3)
  - AFNetworking/Security (2.6.3)
  - AFNetworking/Serialization (2.6.3)
  - AFNetworking/UIKit (2.6.3):
    - AFNetworking/NSURLConnection
    - AFNetworking/NSURLSession
  - Alamofire (4.7.3)
  - AlamofireObjectMapper (5.1.0):
    - Alamofire (~> 4.1)
    - ObjectMapper (~> 3.3)
  - Cosmos (16.0.0)
  - JCore (1.2.2)
  - JPush (3.1.0):
    - JCore (~> 1.2.0)
  - Kingfisher (4.8.1)
  - Masonry (1.1.0)
  - MBProgressHUD (0.9.2)
  - MJRefresh (3.1.15.7)
  - mob_sharesdk (4.1.4):
    - mob_sharesdk/ShareSDK (= 4.1.4)
    - MOBFoundation
  - mob_sharesdk/ShareSDK (4.1.4):
    - MOBFoundation
  - mob_sharesdk/ShareSDKExtension (4.1.4):
    - mob_sharesdk/ShareSDK
    - MOBFoundation
  - mob_sharesdk/ShareSDKPlatforms/Mail (4.1.4):
    - mob_sharesdk/ShareSDK
    - MOBFoundation
  - mob_sharesdk/ShareSDKPlatforms/QQ (4.1.4):
    - mob_sharesdk/ShareSDK
    - MOBFoundation
  - mob_sharesdk/ShareSDKPlatforms/SinaWeibo (4.1.4):
    - mob_sharesdk/ShareSDK
    - MOBFoundation
  - mob_sharesdk/ShareSDKPlatforms/SMS (4.1.4):
    - mob_sharesdk/ShareSDK
    - MOBFoundation
  - mob_sharesdk/ShareSDKPlatforms/WeChat (4.1.4):
    - mob_sharesdk/ShareSDK
    - MOBFoundation
  - mob_sharesdk/ShareSDKUI (4.1.4):
    - mob_sharesdk/ShareSDK
    - MOBFoundation
  - MOBFoundation (3.1.8)
  - ObjectMapper (3.3.0)
  - QBImagePickerController (3.4.0)
  - SDWebImage (3.8.2):
    - SDWebImage/Core (= 3.8.2)
  - SDWebImage/Core (3.8.2)
  - SVProgressHUD (2.0.4)
  - SwiftyJSON (4.1.0)
  - TMNavigation (0.0.2-beta.3):
    - AFNetworking
    - Masonry
    - SDWebImage
    - SVProgressHUD
    - TMSDK
    - UMengAnalytics-NO-IDFA
  - TMSDK (0.0.2-beta.3):
    - AFNetworking
    - JPush
  - TMShare (0.0.2-beta.1):
    - mob_sharesdk
    - mob_sharesdk/ShareSDKExtension
    - mob_sharesdk/ShareSDKPlatforms/Mail
    - mob_sharesdk/ShareSDKPlatforms/QQ
    - mob_sharesdk/ShareSDKPlatforms/SinaWeibo
    - mob_sharesdk/ShareSDKPlatforms/SMS
    - mob_sharesdk/ShareSDKPlatforms/WeChat
    - mob_sharesdk/ShareSDKUI
    - TMSDK
  - TMUserCenter (0.0.2-beta.1):
    - Masonry
    - MJRefresh
    - SDWebImage
    - SVProgressHUD
    - TMSDK
    - TMShare
  - UMengAnalytics-NO-IDFA (4.2.5)
  - YHTool (1.1.4):
    - Alamofire
    - AlamofireObjectMapper (~> 5.0)
    - MBProgressHUD (~> 0.9.2)
    - ObjectMapper (~> 3.3)
    - QBImagePickerController
    - SDWebImage (~> 3.8.0)
    - SwiftyJSON
  - z02sckhd_6wQgx_User (1.1.2):
    - Cosmos (~> 16.0)
    - Kingfisher (~> 4.8.0)
    - MJRefresh (~> 3.1.12)
    - TMNavigation (~> 0.0.2-beta.3)
    - TMSDK (~> 0.0.2-beta.3)
    - TMShare (~> 0.0.2-beta.1)
    - TMUserCenter (~> 0.0.2-beta.1)
    - YHTool (~> 1.1.4)

DEPENDENCIES:
  - z02sckhd_6wQgx_User (from `../`)

SPEC REPOS:
  https://github.com/cocoapods/specs.git:
    - AFNetworking
    - Alamofire
    - AlamofireObjectMapper
    - Cosmos
    - JCore
    - JPush
    - Kingfisher
    - Masonry
    - MBProgressHUD
    - MJRefresh
    - mob_sharesdk
    - MOBFoundation
    - ObjectMapper
    - QBImagePickerController
    - SDWebImage
    - SVProgressHUD
    - SwiftyJSON
    - TMNavigation
    - TMSDK
    - TMShare
    - TMUserCenter
    - UMengAnalytics-NO-IDFA
    - YHTool

EXTERNAL SOURCES:
  z02sckhd_6wQgx_User:
    :path: "../"

SPEC CHECKSUMS:
  AFNetworking: cb8d14a848e831097108418f5d49217339d4eb60
  Alamofire: c7287b6e5d7da964a70935e5db17046b7fde6568
  AlamofireObjectMapper: 3395e698901d8b0e6f48b7d0c43bd47875325102
  Cosmos: 7bcee0fa858a9355a214f2a181be5dffcee42c81
  JCore: f14c0549968a63c22e246a4875aa9d428446f373
  JPush: 5921e25ad13e0386351079217b009f2039084eac
  Kingfisher: 868c1149679a7ab6869be118faa9b5aed154aaf0
  Masonry: 678fab65091a9290e40e2832a55e7ab731aad201
  MBProgressHUD: 1569cf7ace17a8bac47aabfbb8580a49690386d1
  MJRefresh: 697f8ec75ebdbe9207767bb682cf0f51b0d8a41f
  mob_sharesdk: 765cc2fd2fac0a6fd7c3e6c2b10d729ad006c608
  MOBFoundation: 7f1e157be332576e4d45809a03bc733292c6ad8d
  ObjectMapper: b612bf8c8e99c4dc0bb6013a51f7c27966ed5da9
  QBImagePickerController: d54cf93db6decf26baf6ed3472f336ef35cae022
  SDWebImage: 098e97e6176540799c27e804c96653ee0833d13c
  SVProgressHUD: bfde85ed6c573ea802b9cb37894ed9b629034f1b
  SwiftyJSON: c29297daf073d2aa016295d5809cdd68045c39b3
  TMNavigation: d748f37911f69f932f4f9e8fcef683e70f9bae60
  TMSDK: 6875d36049da06de41ccd09a4c0ddc60efb8603c
  TMShare: ff075258a6fc4e390778d0c87cfbdfb8e68bc1de
  TMUserCenter: 939c9769c8ca27761c2d24d4f95d08ea6aa99f38
  UMengAnalytics-NO-IDFA: 16666e32edce5be44ae5b14aaaa7f3582e09d6ab
  YHTool: 2e6c0e9786f92788fd47f1b3e7277550ddb8ff6a
  z02sckhd_6wQgx_User: f9b13c87997fba4000ed5639ec609fc4118d761c

PODFILE CHECKSUM: a9ff04282b282edbe35786f9d87eb00c4c9c3276

COCOAPODS: 1.5.3
